
Microsoft Visual Studio Solution File, Format Version 12.00
# Visual Studio Version 16
VisualStudioVersion = 16.0.31911.196
MinimumVisualStudioVersion = 10.0.40219.1
Project("{FAE04EC0-301F-11D3-BF4B-00C04F79EFBC}") = "ASPNetCoreWithAngular", "ASPNetCoreWithAngular\ASPNetCoreWithAngular.csproj", "{B9F3800E-283F-46CC-8C7E-F2BAA6F276C5}"
EndProject
Global
	GlobalSection(SolutionConfigurationPlatforms) = preSolution
		Debug|Any CPU = Debug|Any CPU
		Release|Any CPU = Release|Any CPU
	EndGlobalSection
	GlobalSection(ProjectConfigurationPlatforms) = postSolution
		{B9F3800E-283F-46CC-8C7E-F2BAA6F276C5}.Debug|Any CPU.ActiveCfg = Debug|Any CPU
		{B9F3800E-283F-46CC-8C7E-F2BAA6F276C5}.Debug|Any CPU.Build.0 = Debug|Any CPU
		{B9F3800E-283F-46CC-8C7E-F2BAA6F276C5}.Release|Any CPU.ActiveCfg = Release|Any CPU
		{B9F3800E-283F-46CC-8C7E-F2BAA6F276C5}.Release|Any CPU.Build.0 = Release|Any CPU
	EndGlobalSection
	GlobalSection(SolutionProperties) = preSolution
		HideSolutionNode = FALSE
	EndGlobalSection
	GlobalSection(ExtensibilityGlobals) = postSolution
		SolutionGuid = {383AC377-9407-437F-9547-ABCBCB358971}
	EndGlobalSection
EndGlobal
